
Microsoft Visual Studio Solution File, Format Version 12.00
# Visual Studio Version 16
VisualStudioVersion = 16.0.31613.86
MinimumVisualStudioVersion = 10.0.40219.1
Project("{9A19103F-16F7-4668-BE54-9A1E7A4F7556}") = "Brainstable.ReaderVTest", "Brainstable.ReaderTest\Brainstable.ReaderVTest.csproj", "{5338ED6D-9E0A-4269-9661-88BDADFD7983}"
EndProject
Project("{9A19103F-16F7-4668-BE54-9A1E7A4F7556}") = "Brainstable.ReaderVTest.Test", "Brainstable.ReaderTest.Test\Brainstable.ReaderVTest.Test.csproj", "{9C864603-7948-47D5-AFB7-2A36EE2D492C}"
EndProject
Project("{9A19103F-16F7-4668-BE54-9A1E7A4F7556}") = "Brainstable.ReaderVTest.Console", "Brainstable.ReaderTest.Console\Brainstable.ReaderVTest.Console.csproj", "{E38AAC49-C2A2-4DA2-B67A-DABBCA89B8EF}"
EndProject
Global
	GlobalSection(SolutionConfigurationPlatforms) = preSolution
		Debug|Any CPU = Debug|Any CPU
		Release|Any CPU = Release|Any CPU
	EndGlobalSection
	GlobalSection(ProjectConfigurationPlatforms) = postSolution
		{5338ED6D-9E0A-4269-9661-88BDADFD7983}.Debug|Any CPU.ActiveCfg = Debug|Any CPU
		{5338ED6D-9E0A-4269-9661-88BDADFD7983}.Debug|Any CPU.Build.0 = Debug|Any CPU
		{5338ED6D-9E0A-4269-9661-88BDADFD7983}.Release|Any CPU.ActiveCfg = Release|Any CPU
		{5338ED6D-9E0A-4269-9661-88BDADFD7983}.Release|Any CPU.Build.0 = Release|Any CPU
		{9C864603-7948-47D5-AFB7-2A36EE2D492C}.Debug|Any CPU.ActiveCfg = Debug|Any CPU
		{9C864603-7948-47D5-AFB7-2A36EE2D492C}.Debug|Any CPU.Build.0 = Debug|Any CPU
		{9C864603-7948-47D5-AFB7-2A36EE2D492C}.Release|Any CPU.ActiveCfg = Release|Any CPU
		{9C864603-7948-47D5-AFB7-2A36EE2D492C}.Release|Any CPU.Build.0 = Release|Any CPU
		{E38AAC49-C2A2-4DA2-B67A-DABBCA89B8EF}.Debug|Any CPU.ActiveCfg = Debug|Any CPU
		{E38AAC49-C2A2-4DA2-B67A-DABBCA89B8EF}.Debug|Any CPU.Build.0 = Debug|Any CPU
		{E38AAC49-C2A2-4DA2-B67A-DABBCA89B8EF}.Release|Any CPU.ActiveCfg = Release|Any CPU
		{E38AAC49-C2A2-4DA2-B67A-DABBCA89B8EF}.Release|Any CPU.Build.0 = Release|Any CPU
	EndGlobalSection
	GlobalSection(SolutionProperties) = preSolution
		HideSolutionNode = FALSE
	EndGlobalSection
	GlobalSection(ExtensibilityGlobals) = postSolution
		SolutionGuid = {F90D2030-99B2-4BBB-900E-55F5C115B2F7}
	EndGlobalSection
EndGlobal
