
Microsoft Visual Studio Solution File, Format Version 12.00
Project("{FAE04EC0-301F-11D3-BF4B-00C04F79EFBC}") = "Brainstable.ReaderTest", "Brainstable.ReaderTest\Brainstable.ReaderTest.csproj", "{5338ED6D-9E0A-4269-9661-88BDADFD7983}"
EndProject
Project("{FAE04EC0-301F-11D3-BF4B-00C04F79EFBC}") = "Brainstable.ReaderTest.Test", "Brainstable.ReaderTest.Test\Brainstable.ReaderTest.Test.csproj", "{9C864603-7948-47D5-AFB7-2A36EE2D492C}"
EndProject
Project("{FAE04EC0-301F-11D3-BF4B-00C04F79EFBC}") = "Brainstable.ReaderTest.Console", "Brainstable.ReaderTest.Console\Brainstable.ReaderTest.Console.csproj", "{E38AAC49-C2A2-4DA2-B67A-DABBCA89B8EF}"
EndProject
Global
	GlobalSection(SolutionConfigurationPlatforms) = preSolution
		Debug|Any CPU = Debug|Any CPU
		Release|Any CPU = Release|Any CPU
	EndGlobalSection
	GlobalSection(ProjectConfigurationPlatforms) = postSolution
		{5338ED6D-9E0A-4269-9661-88BDADFD7983}.Debug|Any CPU.ActiveCfg = Debug|Any CPU
		{5338ED6D-9E0A-4269-9661-88BDADFD7983}.Debug|Any CPU.Build.0 = Debug|Any CPU
		{5338ED6D-9E0A-4269-9661-88BDADFD7983}.Release|Any CPU.ActiveCfg = Release|Any CPU
		{5338ED6D-9E0A-4269-9661-88BDADFD7983}.Release|Any CPU.Build.0 = Release|Any CPU
		{9C864603-7948-47D5-AFB7-2A36EE2D492C}.Debug|Any CPU.ActiveCfg = Debug|Any CPU
		{9C864603-7948-47D5-AFB7-2A36EE2D492C}.Debug|Any CPU.Build.0 = Debug|Any CPU
		{9C864603-7948-47D5-AFB7-2A36EE2D492C}.Release|Any CPU.ActiveCfg = Release|Any CPU
		{9C864603-7948-47D5-AFB7-2A36EE2D492C}.Release|Any CPU.Build.0 = Release|Any CPU
		{E38AAC49-C2A2-4DA2-B67A-DABBCA89B8EF}.Debug|Any CPU.ActiveCfg = Debug|Any CPU
		{E38AAC49-C2A2-4DA2-B67A-DABBCA89B8EF}.Debug|Any CPU.Build.0 = Debug|Any CPU
		{E38AAC49-C2A2-4DA2-B67A-DABBCA89B8EF}.Release|Any CPU.ActiveCfg = Release|Any CPU
		{E38AAC49-C2A2-4DA2-B67A-DABBCA89B8EF}.Release|Any CPU.Build.0 = Release|Any CPU
	EndGlobalSection
EndGlobal
